// !$*UTF8*$!
{
	archiveVersion = 1;
	classes = {
	};
	objectVersion = 46;
	objects = {

/* Begin PBXBuildFile section */
		ADE76E181AA7F4CB00B86379 /* main.m in Sources */ = {isa = PBXBuildFile; fileRef = ADE76E171AA7F4CB00B86379 /* main.m */; };
		ADE76E1B1AA7F4CB00B86379 /* AppDelegate.m in Sources */ = {isa = PBXBuildFile; fileRef = ADE76E1A1AA7F4CB00B86379 /* AppDelegate.m */; };
		ADE76E1E1AA7F4CB00B86379 /* ViewController.m in Sources */ = {isa = PBXBuildFile; fileRef = ADE76E1D1AA7F4CB00B86379 /* ViewController.m */; };
		ADE76E211AA7F4CB00B86379 /* Main.storyboard in Resources */ = {isa = PBXBuildFile; fileRef = ADE76E1F1AA7F4CB00B86379 /* Main.storyboard */; };
		ADE76E231AA7F4CB00B86379 /* Images.xcassets in Resources */ = {isa = PBXBuildFile; fileRef = ADE76E221AA7F4CB00B86379 /* Images.xcassets */; };
		ADE76E261AA7F4CB00B86379 /* LaunchScreen.xib in Resources */ = {isa = PBXBuildFile; fileRef = ADE76E241AA7F4CB00B86379 /* LaunchScreen.xib */; };
		ADE76E321AA7F4CB00B86379 /* BLETestTests.m in Sources */ = {isa = PBXBuildFile; fileRef = ADE76E311AA7F4CB00B86379 /* BLETestTests.m */; };
/* End PBXBuildFile section */

/* Begin PBXContainerItemProxy section */
		ADE76E2C1AA7F4CB00B86379 /* PBXContainerItemProxy */ = {
			isa = PBXContainerItemProxy;
			containerPortal = ADE76E0A1AA7F4CB00B86379 /* Project object */;
			proxyType = 1;
			remoteGlobalIDString = ADE76E111AA7F4CB00B86379;
			remoteInfo = BLETest;
		};
/* End PBXContainerItemProxy section */

/* Begin PBXFileReference section */
		ADE76E121AA7F4CB00B86379 /* BLETest.app */ = {isa = PBXFileReference; explicitFileType = wrapper.application; includeInIndex = 0; path = BLETest.app; sourceTree = BUILT_PRODUCTS_DIR; };
		ADE76E161AA7F4CB00B86379 /* Info.plist */ = {isa = PBXFileReference; lastKnownFileType = text.plist.xml; path = Info.plist; sourceTree = "<group>"; };
		ADE76E171AA7F4CB00B86379 /* main.m */ = {isa = PBXFileReference; lastKnownFileType = sourcecode.c.objc; path = main.m; sourceTree = "<group>"; };
		ADE76E191AA7F4CB00B86379 /* AppDelegate.h */ = {isa = PBXFileReference; lastKnownFileType = sourcecode.c.h; path = AppDelegate.h; sourceTree = "<group>"; };
		ADE76E1A1AA7F4CB00B86379 /* AppDelegate.m */ = {isa = PBXFileReference; lastKnownFileType = sourcecode.c.objc; path = AppDelegate.m; sourceTree = "<group>"; };
		ADE76E1C1AA7F4CB00B86379 /* ViewController.h */ = {isa = PBXFileReference; lastKnownFileType = sourcecode.c.h; path = ViewController.h; sourceTree = "<group>"; };
		ADE76E1D1AA7F4CB00B86379 /* ViewController.m */ = {isa = PBXFileReference; lastKnownFileType = sourcecode.c.objc; path = ViewController.m; sourceTree = "<group>"; };
		ADE76E201AA7F4CB00B86379 /* Base */ = {isa = PBXFileReference; lastKnownFileType = file.storyboard; name = Base; path = Base.lproj/Main.storyboard; sourceTree = "<group>"; };
		ADE76E221AA7F4CB00B86379 /* Images.xcassets */ = {isa = PBXFileReference; lastKnownFileType = folder.assetcatalog; path = Images.xcassets; sourceTree = "<group>"; };
		ADE76E251AA7F4CB00B86379 /* Base */ = {isa = PBXFileReference; lastKnownFileType = file.xib; name = Base; path = Base.lproj/LaunchScreen.xib; sourceTree = "<group>"; };
		ADE76E2B1AA7F4CB00B86379 /* BLETestTests.xctest */ = {isa = PBXFileReference; explicitFileType = wrapper.cfbundle; includeInIndex = 0; path = BLETestTests.xctest; sourceTree = BUILT_PRODUCTS_DIR; };
		ADE76E301AA7F4CB00B86379 /* Info.plist */ = {isa = PBXFileReference; lastKnownFileType = text.plist.xml; path = Info.plist; sourceTree = "<group>"; };
		ADE76E311AA7F4CB00B86379 /* BLETestTests.m */ = {isa = PBXFileReference; lastKnownFileType = sourcecode.c.objc; path = BLETestTests.m; sourceTree = "<group>"; };
/* End PBXFileReference section */

/* Begin PBXFrameworksBuildPhase section */
		ADE76E0F1AA7F4CB00B86379 /* Frameworks */ = {
			isa = PBXFrameworksBuildPhase;
			buildActionMask = 2147483647;
			files = (
			);
			runOnlyForDeploymentPostprocessing = 0;
		};
		ADE76E281AA7F4CB00B86379 /* Frameworks */ = {
			isa = PBXFrameworksBuildPhase;
			buildActionMask = 2147483647;
			files = (
			);
			runOnlyForDeploymentPostprocessing = 0;
		};
/* End PBXFrameworksBuildPhase section */

/* Begin PBXGroup section */
		ADE76E091AA7F4CB00B86379 = {
			isa = PBXGroup;
			children = (
				ADE76E141AA7F4CB00B86379 /* BLETest */,
				ADE76E2E1AA7F4CB00B86379 /* BLETestTests */,
				ADE76E131AA7F4CB00B86379 /* Products */,
			);
			sourceTree = "<group>";
		};
		ADE76E131AA7F4CB00B86379 /* Products */ = {
			isa = PBXGroup;
			children = (
				ADE76E121AA7F4CB00B86379 /* BLETest.app */,
				ADE76E2B1AA7F4CB00B86379 /* BLETestTests.xctest */,
			);
			name = Products;
			sourceTree = "<group>";
		};
		ADE76E141AA7F4CB00B86379 /* BLETest */ = {
			isa = PBXGroup;
			children = (
				ADE76E191AA7F4CB00B86379 /* AppDelegate.h */,
				ADE76E1A1AA7F4CB00B86379 /* AppDelegate.m */,
				ADE76E1C1AA7F4CB00B86379 /* ViewController.h */,
				ADE76E1D1AA7F4CB00B86379 /* ViewController.m */,
				ADE76E1F1AA7F4CB00B86379 /* Main.storyboard */,
				ADE76E221AA7F4CB00B86379 /* Images.xcassets */,
				ADE76E241AA7F4CB00B86379 /* LaunchScreen.xib */,
				ADE76E151AA7F4CB00B86379 /* Supporting Files */,
			);
			path = BLETest;
			sourceTree = "<group>";
		};
		ADE76E151AA7F4CB00B86379 /* Supporting Files */ = {
			isa = PBXGroup;
			children = (
				ADE76E161AA7F4CB00B86379 /* Info.plist */,
				ADE76E171AA7F4CB00B86379 /* main.m */,
			);
			name = "Supporting Files";
			sourceTree = "<group>";
		};
		ADE76E2E1AA7F4CB00B86379 /* BLETestTests */ = {
			isa = PBXGroup;
			children = (
				ADE76E311AA7F4CB00B86379 /* BLETestTests.m */,
				ADE76E2F1AA7F4CB00B86379 /* Supporting Files */,
			);
			path = BLETestTests;
			sourceTree = "<group>";
		};
		ADE76E2F1AA7F4CB00B86379 /* Supporting Files */ = {
			isa = PBXGroup;
			children = (
				ADE76E301AA7F4CB00B86379 /* Info.plist */,
			);
			name = "Supporting Files";
			sourceTree = "<group>";
		};
/* End PBXGroup section */

/* Begin PBXNativeTarget section */
		ADE76E111AA7F4CB00B86379 /* BLETest */ = {
			isa = PBXNativeTarget;
			buildConfigurationList = ADE76E351AA7F4CB00B86379 /* Build configuration list for PBXNativeTarget "BLETest" */;
			buildPhases = (
				ADE76E0E1AA7F4CB00B86379 /* Sources */,
				ADE76E0F1AA7F4CB00B86379 /* Frameworks */,
				ADE76E101AA7F4CB00B86379 /* Resources */,
			);
			buildRules = (
			);
			dependencies = (
			);
			name = BLETest;
			productName = BLETest;
			productReference = ADE76E121AA7F4CB00B86379 /* BLETest.app */;
			productType = "com.apple.product-type.application";
		};
		ADE76E2A1AA7F4CB00B86379 /* BLETestTests */ = {
			isa = PBXNativeTarget;
			buildConfigurationList = ADE76E381AA7F4CB00B86379 /* Build configuration list for PBXNativeTarget "BLETestTests" */;
			buildPhases = (
				ADE76E271AA7F4CB00B86379 /* Sources */,
				ADE76E281AA7F4CB00B86379 /* Frameworks */,
				ADE76E291AA7F4CB00B86379 /* Resources */,
			);
			buildRules = (
			);
			dependencies = (
				ADE76E2D1AA7F4CB00B86379 /* PBXTargetDependency */,
			);
			name = BLETestTests;
			productName = BLETestTests;
			productReference = ADE76E2B1AA7F4CB00B86379 /* BLETestTests.xctest */;
			productType = "com.apple.product-type.bundle.unit-test";
		};
/* End PBXNativeTarget section */

/* Begin PBXProject section */
		ADE76E0A1AA7F4CB00B86379 /* Project object */ = {
			isa = PBXProject;
			attributes = {
				LastUpgradeCheck = 0610;
				ORGANIZATIONNAME = "  zenajung";
				TargetAttributes = {
					ADE76E111AA7F4CB00B86379 = {
						CreatedOnToolsVersion = 6.1.1;
					};
					ADE76E2A1AA7F4CB00B86379 = {
						CreatedOnToolsVersion = 6.1.1;
						TestTargetID = ADE76E111AA7F4CB00B86379;
					};
				};
			};
			buildConfigurationList = ADE76E0D1AA7F4CB00B86379 /* Build configuration list for PBXProject "BLETest" */;
			compatibilityVersion = "Xcode 3.2";
			developmentRegion = English;
			hasScannedForEncodings = 0;
			knownRegions = (
				en,
				Base,
			);
			mainGroup = ADE76E091AA7F4CB00B86379;
			productRefGroup = ADE76E131AA7F4CB00B86379 /* Products */;
			projectDirPath = "";
			projectRoot = "";
			targets = (
				ADE76E111AA7F4CB00B86379 /* BLETest */,
				ADE76E2A1AA7F4CB00B86379 /* BLETestTests */,
			);
		};
/* End PBXProject section */

/* Begin PBXResourcesBuildPhase section */
		ADE76E101AA7F4CB00B86379 /* Resources */ = {
			isa = PBXResourcesBuildPhase;
			buildActionMask = 2147483647;
			files = (
				ADE76E211AA7F4CB00B86379 /* Main.storyboard in Resources */,
				ADE76E261AA7F4CB00B86379 /* LaunchScreen.xib in Resources */,
				ADE76E231AA7F4CB00B86379 /* Images.xcassets in Resources */,
			);
			runOnlyForDeploymentPostprocessing = 0;
		};
		ADE76E291AA7F4CB00B86379 /* Resources */ = {
			isa = PBXResourcesBuildPhase;
			buildActionMask = 2147483647;
			files = (
			);
			runOnlyForDeploymentPostprocessing = 0;
		};
/* End PBXResourcesBuildPhase section */

/* Begin PBXSourcesBuildPhase section */
		ADE76E0E1AA7F4CB00B86379 /* Sources */ = {
			isa = PBXSourcesBuildPhase;
			buildActionMask = 2147483647;
			files = (
				ADE76E1E1AA7F4CB00B86379 /* ViewController.m in Sources */,
				ADE76E1B1AA7F4CB00B86379 /* AppDelegate.m in Sources */,
				ADE76E181AA7F4CB00B86379 /* main.m in Sources */,
			);
			runOnlyForDeploymentPostprocessing = 0;
		};
		ADE76E271AA7F4CB00B86379 /* Sources */ = {
			isa = PBXSourcesBuildPhase;
			buildActionMask = 2147483647;
			files = (
				ADE76E321AA7F4CB00B86379 /* BLETestTests.m in Sources */,
			);
			runOnlyForDeploymentPostprocessing = 0;
		};
/* End PBXSourcesBuildPhase section */

/* Begin PBXTargetDependency section */
		ADE76E2D1AA7F4CB00B86379 /* PBXTargetDependency */ = {
			isa = PBXTargetDependency;
			target = ADE76E111AA7F4CB00B86379 /* BLETest */;
			targetProxy = ADE76E2C1AA7F4CB00B86379 /* PBXContainerItemProxy */;
		};
/* End PBXTargetDependency section */

/* Begin PBXVariantGroup section */
		ADE76E1F1AA7F4CB00B86379 /* Main.storyboard */ = {
			isa = PBXVariantGroup;
			children = (
				ADE76E201AA7F4CB00B86379 /* Base */,
			);
			name = Main.storyboard;
			sourceTree = "<group>";
		};
		ADE76E241AA7F4CB00B86379 /* LaunchScreen.xib */ = {
			isa = PBXVariantGroup;
			children = (
				ADE76E251AA7F4CB00B86379 /* Base */,
			);
			name = LaunchScreen.xib;
			sourceTree = "<group>";
		};
/* End PBXVariantGroup section */

/* Begin XCBuildConfiguration section */
		ADE76E331AA7F4CB00B86379 /* Debug */ = {
			isa = XCBuildConfiguration;
			buildSettings = {
				ALWAYS_SEARCH_USER_PATHS = NO;
				CLANG_CXX_LANGUAGE_STANDARD = "gnu++0x";
				CLANG_CXX_LIBRARY = "libc++";
				CLANG_ENABLE_MODULES = YES;
				CLANG_ENABLE_OBJC_ARC = YES;
				CLANG_WARN_BOOL_CONVERSION = YES;
				CLANG_WARN_CONSTANT_CONVERSION = YES;
				CLANG_WARN_DIRECT_OBJC_ISA_USAGE = YES_ERROR;
				CLANG_WARN_EMPTY_BODY = YES;
				CLANG_WARN_ENUM_CONVERSION = YES;
				CLANG_WARN_INT_CONVERSION = YES;
				CLANG_WARN_OBJC_ROOT_CLASS = YES_ERROR;
				CLANG_WARN_UNREACHABLE_CODE = YES;
				CLANG_WARN__DUPLICATE_METHOD_MATCH = YES;
				"CODE_SIGN_IDENTITY[sdk=iphoneos*]" = "iPhone Developer";
				COPY_PHASE_STRIP = NO;
				ENABLE_STRICT_OBJC_MSGSEND = YES;
				GCC_C_LANGUAGE_STANDARD = gnu99;
				GCC_DYNAMIC_NO_PIC = NO;
				GCC_OPTIMIZATION_LEVEL = 0;
				GCC_PREPROCESSOR_DEFINITIONS = (
					"DEBUG=1",
					"$(inherited)",
				);
				GCC_SYMBOLS_PRIVATE_EXTERN = NO;
				GCC_WARN_64_TO_32_BIT_CONVERSION = YES;
				GCC_WARN_ABOUT_RETURN_TYPE = YES_ERROR;
				GCC_WARN_UNDECLARED_SELECTOR = YES;
				GCC_WARN_UNINITIALIZED_AUTOS = YES_AGGRESSIVE;
				GCC_WARN_UNUSED_FUNCTION = YES;
				GCC_WARN_UNUSED_VARIABLE = YES;
				IPHONEOS_DEPLOYMENT_TARGET = 8.1;
				MTL_ENABLE_DEBUG_INFO = YES;
				ONLY_ACTIVE_ARCH = YES;
				SDKROOT = iphoneos;
			};
			name = Debug;
		};
		ADE76E341AA7F4CB00B86379 /* Release */ = {
			isa = XCBuildConfiguration;
			buildSettings = {
				ALWAYS_SEARCH_USER_PATHS = NO;
				CLANG_CXX_LANGUAGE_STANDARD = "gnu++0x";
				CLANG_CXX_LIBRARY = "libc++";
				CLANG_ENABLE_MODULES = YES;
				CLANG_ENABLE_OBJC_ARC = YES;
				CLANG_WARN_BOOL_CONVERSION = YES;
				CLANG_WARN_CONSTANT_CONVERSION = YES;
				CLANG_WARN_DIRECT_OBJC_ISA_USAGE = YES_ERROR;
				CLANG_WARN_EMPTY_BODY = YES;
				CLANG_WARN_ENUM_CONVERSION = YES;
				CLANG_WARN_INT_CONVERSION = YES;
				CLANG_WARN_OBJC_ROOT_CLASS = YES_ERROR;
				CLANG_WARN_UNREACHABLE_CODE = YES;
				CLANG_WARN__DUPLICATE_METHOD_MATCH = YES;
				"CODE_SIGN_IDENTITY[sdk=iphoneos*]" = "iPhone Developer";
				COPY_PHASE_STRIP = YES;
				ENABLE_NS_ASSERTIONS = NO;
				ENABLE_STRICT_OBJC_MSGSEND = YES;
				GCC_C_LANGUAGE_STANDARD = gnu99;
				GCC_WARN_64_TO_32_BIT_CONVERSION = YES;
				GCC_WARN_ABOUT_RETURN_TYPE = YES_ERROR;
				GCC_WARN_UNDECLARED_SELECTOR = YES;
				GCC_WARN_UNINITIALIZED_AUTOS = YES_AGGRESSIVE;
				GCC_WARN_UNUSED_FUNCTION = YES;
				GCC_WARN_UNUSED_VARIABLE = YES;
				IPHONEOS_DEPLOYMENT_TARGET = 8.1;
				MTL_ENABLE_DEBUG_INFO = NO;
				SDKROOT = iphoneos;
				VALIDATE_PRODUCT = YES;
			};
			name = Release;
		};
		ADE76E361AA7F4CB00B86379 /* Debug */ = {
			isa = XCBuildConfiguration;
			buildSettings = {
				ASSETCATALOG_COMPILER_APPICON_NAME = AppIcon;
				INFOPLIST_FILE = BLETest/Info.plist;
				LD_RUNPATH_SEARCH_PATHS = "$(inherited) @executable_path/Frameworks";
				PRODUCT_NAME = "$(TARGET_NAME)";
			};
			name = Debug;
		};
		ADE76E371AA7F4CB00B86379 /* Release */ = {
			isa = XCBuildConfiguration;
			buildSettings = {
				ASSETCATALOG_COMPILER_APPICON_NAME = AppIcon;
				INFOPLIST_FILE = BLETest/Info.plist;
				LD_RUNPATH_SEARCH_PATHS = "$(inherited) @executable_path/Frameworks";
				PRODUCT_NAME = "$(TARGET_NAME)";
			};
			name = Release;
		};
		ADE76E391AA7F4CB00B86379 /* Debug */ = {
			isa = XCBuildConfiguration;
			buildSettings = {
				BUNDLE_LOADER = "$(TEST_HOST)";
				FRAMEWORK_SEARCH_PATHS = (
					"$(SDKROOT)/Developer/Library/Frameworks",
					"$(inherited)",
				);
				GCC_PREPROCESSOR_DEFINITIONS = (
					"DEBUG=1",
					"$(inherited)",
				);
				INFOPLIST_FILE = BLETestTests/Info.plist;
				LD_RUNPATH_SEARCH_PATHS = "$(inherited) @executable_path/Frameworks @loader_path/Frameworks";
				PRODUCT_NAME = "$(TARGET_NAME)";
				TEST_HOST = "$(BUILT_PRODUCTS_DIR)/BLETest.app/BLETest";
			};
			name = Debug;
		};
		ADE76E3A1AA7F4CB00B86379 /* Release */ = {
			isa = XCBuildConfiguration;
			buildSettings = {
				BUNDLE_LOADER = "$(TEST_HOST)";
				FRAMEWORK_SEARCH_PATHS = (
					"$(SDKROOT)/Developer/Library/Frameworks",
					"$(inherited)",
				);
				INFOPLIST_FILE = BLETestTests/Info.plist;
				LD_RUNPATH_SEARCH_PATHS = "$(inherited) @executable_path/Frameworks @loader_path/Frameworks";
				PRODUCT_NAME = "$(TARGET_NAME)";
				TEST_HOST = "$(BUILT_PRODUCTS_DIR)/BLETest.app/BLETest";
			};
			name = Release;
		};
/* End XCBuildConfiguration section */

/* Begin XCConfigurationList section */
		ADE76E0D1AA7F4CB00B86379 /* Build configuration list for PBXProject "BLETest" */ = {
			isa = XCConfigurationList;
			buildConfigurations = (
				ADE76E331AA7F4CB00B86379 /* Debug */,
				ADE76E341AA7F4CB00B86379 /* Release */,
			);
			defaultConfigurationIsVisible = 0;
			defaultConfigurationName = Release;
		};
		ADE76E351AA7F4CB00B86379 /* Build configuration list for PBXNativeTarget "BLETest" */ = {
			isa = XCConfigurationList;
			buildConfigurations = (
				ADE76E361AA7F4CB00B86379 /* Debug */,
				ADE76E371AA7F4CB00B86379 /* Release */,
			);
			defaultConfigurationIsVisible = 0;
		};
		ADE76E381AA7F4CB00B86379 /* Build configuration list for PBXNativeTarget "BLETestTests" */ = {
			isa = XCConfigurationList;
			buildConfigurations = (
				ADE76E391AA7F4CB00B86379 /* Debug */,
				ADE76E3A1AA7F4CB00B86379 /* Release */,
			);
			defaultConfigurationIsVisible = 0;
		};
/* End XCConfigurationList section */
	};
	rootObject = ADE76E0A1AA7F4CB00B86379 /* Project object */;
}
